
Microsoft Visual Studio Solution File, Format Version 12.00
# Visual Studio Version 16
VisualStudioVersion = 16.0.29709.97
MinimumVisualStudioVersion = 10.0.40219.1
Project("{FAE04EC0-301F-11D3-BF4B-00C04F79EFBC}") = "Monochampions list", "Monochampions list\Monochampions list.csproj", "{BD914D5B-F731-4C77-81B5-9DE45E0D5D31}"
EndProject
Global
	GlobalSection(SolutionConfigurationPlatforms) = preSolution
		Debug|Any CPU = Debug|Any CPU
		Release|Any CPU = Release|Any CPU
	EndGlobalSection
	GlobalSection(ProjectConfigurationPlatforms) = postSolution
		{BD914D5B-F731-4C77-81B5-9DE45E0D5D31}.Debug|Any CPU.ActiveCfg = Debug|Any CPU
		{BD914D5B-F731-4C77-81B5-9DE45E0D5D31}.Debug|Any CPU.Build.0 = Debug|Any CPU
		{BD914D5B-F731-4C77-81B5-9DE45E0D5D31}.Release|Any CPU.ActiveCfg = Release|Any CPU
		{BD914D5B-F731-4C77-81B5-9DE45E0D5D31}.Release|Any CPU.Build.0 = Release|Any CPU
	EndGlobalSection
	GlobalSection(SolutionProperties) = preSolution
		HideSolutionNode = FALSE
	EndGlobalSection
	GlobalSection(ExtensibilityGlobals) = postSolution
		SolutionGuid = {D547EFAA-7D8E-4BB3-B36E-2D1F6ACF58C1}
	EndGlobalSection
EndGlobal
